PODS:
  - Alamofire (5.8.1)
  - AlamofireImage (4.3.0):
    - Alamofire (~> 5.8)
  - Parchment (3.2.0)
  - Realm (10.45.2):
    - Realm/Headers (= 10.45.2)
  - Realm/Headers (10.45.2)
  - RealmSwift (10.45.2):
    - Realm (= 10.45.2)

DEPENDENCIES:
  - Alamofire (= 5.8.1)
  - AlamofireImage (= 4.3.0)
  - Parchment (= 3.2.0)
  - RealmSwift (= 10.45.2)

SPEC REPOS:
  trunk:
    - Alamofire
    - AlamofireImage
    - Parchment
    - Realm
    - RealmSwift

SPEC CHECKSUMS:
  Alamofire: 3ca42e259043ee0dc5c0cdd76c4bc568b8e42af7
  AlamofireImage: 843953fa97bee5f561cf05d83abd759e590b068d
  Parchment: a43c440b22c8a60f7e0196b74339446d4d1d18ea
  Realm: bc4fc31783a0b3e355edca05f167f6a49c544dc2
  RealmSwift: 234003b5fdb187c4b439d478662636d62a1f9de0

PODFILE CHECKSUM: a158757478c0831cc3d9a963a7a085053c8fd360

COCOAPODS: 1.16.2
