// !$*UTF8*$!
{
	archiveVersion = 1;
	classes = {
	};
	objectVersion = 56;
	objects = {

/* Begin PBXBuildFile section */
		7DB1133C2CFD628D0057A9A7 /* ApiViewController.swift in Sources */ = {isa = PBXBuildFile; fileRef = 7DB1133B2CFD628D0057A9A7 /* ApiViewController.swift */; };
		7DB1133E2CFD63EF0057A9A7 /* FavoriteViewController.swift in Sources */ = {isa = PBXBuildFile; fileRef = 7DB1133D2CFD63EF0057A9A7 /* FavoriteViewController.swift */; };
		7DB113402CFEDD4A0057A9A7 /* ApiKey.plist in Resources */ = {isa = PBXBuildFile; fileRef = 7DB1133F2CFEDD4A0057A9A7 /* ApiKey.plist */; };
		7DB113442CFEE6BB0057A9A7 /* ShopCell.swift in Sources */ = {isa = PBXBuildFile; fileRef = 7DB113432CFEE6BB0057A9A7 /* ShopCell.swift */; };
		7DB113462CFEE8C10057A9A7 /* ApiResponse.swift in Sources */ = {isa = PBXBuildFile; fileRef = 7DB113452CFEE8C10057A9A7 /* ApiResponse.swift */; };
		7DDBBE4D2D0039AF0003F59C /* FavoriteShop.swift in Sources */ = {isa = PBXBuildFile; fileRef = 7DDBBE4C2D0039AF0003F59C /* FavoriteShop.swift */; };
		7DEFBEE32CFD5F9700B669FD /* AppDelegate.swift in Sources */ = {isa = PBXBuildFile; fileRef = 7DEFBEE22CFD5F9700B669FD /* AppDelegate.swift */; };
		7DEFBEE52CFD5F9700B669FD /* SceneDelegate.swift in Sources */ = {isa = PBXBuildFile; fileRef = 7DEFBEE42CFD5F9700B669FD /* SceneDelegate.swift */; };
		7DEFBEE72CFD5F9700B669FD /* ViewController.swift in Sources */ = {isa = PBXBuildFile; fileRef = 7DEFBEE62CFD5F9700B669FD /* ViewController.swift */; };
		7DEFBEEA2CFD5F9700B669FD /* Main.storyboard in Resources */ = {isa = PBXBuildFile; fileRef = 7DEFBEE82CFD5F9700B669FD /* Main.storyboard */; };
		7DEFBEEC2CFD5F9800B669FD /* Assets.xcassets in Resources */ = {isa = PBXBuildFile; fileRef = 7DEFBEEB2CFD5F9800B669FD /* Assets.xcassets */; };
		7DEFBEEF2CFD5F9800B669FD /* LaunchScreen.storyboard in Resources */ = {isa = PBXBuildFile; fileRef = 7DEFBEED2CFD5F9800B669FD /* LaunchScreen.storyboard */; };
		F7180D47B5A6FD2F1F0736B1 /* Pods_ApiApp.framework in Frameworks */ = {isa = PBXBuildFile; fileRef = DA32732583D1153F375E1BC2 /* Pods_ApiApp.framework */; };
/* End PBXBuildFile section */

/* Begin PBXFileReference section */
		3BCB9F3B613173798B25814C /* Pods-ApiApp.debug.xcconfig */ = {isa = PBXFileReference; includeInIndex = 1; lastKnownFileType = text.xcconfig; name = "Pods-ApiApp.debug.xcconfig"; path = "Target Support Files/Pods-ApiApp/Pods-ApiApp.debug.xcconfig"; sourceTree = "<group>"; };
		7DB1133B2CFD628D0057A9A7 /* ApiViewController.swift */ = {isa = PBXFileReference; lastKnownFileType = sourcecode.swift; path = ApiViewController.swift; sourceTree = "<group>"; };
		7DB1133D2CFD63EF0057A9A7 /* FavoriteViewController.swift */ = {isa = PBXFileReference; lastKnownFileType = sourcecode.swift; path = FavoriteViewController.swift; sourceTree = "<group>"; };
		7DB1133F2CFEDD4A0057A9A7 /* ApiKey.plist */ = {isa = PBXFileReference; lastKnownFileType = text.plist.xml; path = ApiKey.plist; sourceTree = "<group>"; };
		7DB113432CFEE6BB0057A9A7 /* ShopCell.swift */ = {isa = PBXFileReference; lastKnownFileType = sourcecode.swift; path = ShopCell.swift; sourceTree = "<group>"; };
		7DB113452CFEE8C10057A9A7 /* ApiResponse.swift */ = {isa = PBXFileReference; lastKnownFileType = sourcecode.swift; path = ApiResponse.swift; sourceTree = "<group>"; };
		7DDBBE4C2D0039AF0003F59C /* FavoriteShop.swift */ = {isa = PBXFileReference; lastKnownFileType = sourcecode.swift; path = FavoriteShop.swift; sourceTree = "<group>"; };
		7DEFBEDF2CFD5F9700B669FD /* ApiApp.app */ = {isa = PBXFileReference; explicitFileType = wrapper.application; includeInIndex = 0; path = ApiApp.app; sourceTree = BUILT_PRODUCTS_DIR; };
		7DEFBEE22CFD5F9700B669FD /* AppDelegate.swift */ = {isa = PBXFileReference; lastKnownFileType = sourcecode.swift; path = AppDelegate.swift; sourceTree = "<group>"; };
		7DEFBEE42CFD5F9700B669FD /* SceneDelegate.swift */ = {isa = PBXFileReference; lastKnownFileType = sourcecode.swift; path = SceneDelegate.swift; sourceTree = "<group>"; };
		7DEFBEE62CFD5F9700B669FD /* ViewController.swift */ = {isa = PBXFileReference; lastKnownFileType = sourcecode.swift; path = ViewController.swift; sourceTree = "<group>"; };
		7DEFBEE92CFD5F9700B669FD /* Base */ = {isa = PBXFileReference; lastKnownFileType = file.storyboard; name = Base; path = Base.lproj/Main.storyboard; sourceTree = "<group>"; };
		7DEFBEEB2CFD5F9800B669FD /* Assets.xcassets */ = {isa = PBXFileReference; lastKnownFileType = folder.assetcatalog; path = Assets.xcassets; sourceTree = "<group>"; };
		7DEFBEEE2CFD5F9800B669FD /* Base */ = {isa = PBXFileReference; lastKnownFileType = file.storyboard; name = Base; path = Base.lproj/LaunchScreen.storyboard; sourceTree = "<group>"; };
		7DEFBEF02CFD5F9800B669FD /* Info.plist */ = {isa = PBXFileReference; lastKnownFileType = text.plist.xml; path = Info.plist; sourceTree = "<group>"; };
		8D606892B82562A7438A7E55 /* Pods-ApiApp.release.xcconfig */ = {isa = PBXFileReference; includeInIndex = 1; lastKnownFileType = text.xcconfig; name = "Pods-ApiApp.release.xcconfig"; path = "Target Support Files/Pods-ApiApp/Pods-ApiApp.release.xcconfig"; sourceTree = "<group>"; };
		DA32732583D1153F375E1BC2 /* Pods_ApiApp.framework */ = {isa = PBXFileReference; explicitFileType = wrapper.framework; includeInIndex = 0; path = Pods_ApiApp.framework; sourceTree = BUILT_PRODUCTS_DIR; };
/* End PBXFileReference section */

/* Begin PBXFrameworksBuildPhase section */
		7DEFBEDC2CFD5F9700B669FD /* Frameworks */ = {
			isa = PBXFrameworksBuildPhase;
			buildActionMask = 2147483647;
			files = (
				F7180D47B5A6FD2F1F0736B1 /* Pods_ApiApp.framework in Frameworks */,
			);
			runOnlyForDeploymentPostprocessing = 0;
		};
/* End PBXFrameworksBuildPhase section */

/* Begin PBXGroup section */
		7DEFBED62CFD5F9700B669FD = {
			isa = PBXGroup;
			children = (
				7DEFBEE12CFD5F9700B669FD /* ApiApp */,
				7DEFBEE02CFD5F9700B669FD /* Products */,
				7FE8DC1032F1D44BB424E582 /* Pods */,
				E98CFA56DCB05425EEC5C279 /* Frameworks */,
			);
			sourceTree = "<group>";
		};
		7DEFBEE02CFD5F9700B669FD /* Products */ = {
			isa = PBXGroup;
			children = (
				7DEFBEDF2CFD5F9700B669FD /* ApiApp.app */,
			);
			name = Products;
			sourceTree = "<group>";
		};
		7DEFBEE12CFD5F9700B669FD /* ApiApp */ = {
			isa = PBXGroup;
			children = (
				7DEFBEE22CFD5F9700B669FD /* AppDelegate.swift */,
				7DEFBEE42CFD5F9700B669FD /* SceneDelegate.swift */,
				7DEFBEE62CFD5F9700B669FD /* ViewController.swift */,
				7DB1133D2CFD63EF0057A9A7 /* FavoriteViewController.swift */,
				7DB1133B2CFD628D0057A9A7 /* ApiViewController.swift */,
				7DB113432CFEE6BB0057A9A7 /* ShopCell.swift */,
				7DB113452CFEE8C10057A9A7 /* ApiResponse.swift */,
				7DDBBE4C2D0039AF0003F59C /* FavoriteShop.swift */,
				7DEFBEE82CFD5F9700B669FD /* Main.storyboard */,
				7DEFBEEB2CFD5F9800B669FD /* Assets.xcassets */,
				7DEFBEED2CFD5F9800B669FD /* LaunchScreen.storyboard */,
				7DEFBEF02CFD5F9800B669FD /* Info.plist */,
				7DB1133F2CFEDD4A0057A9A7 /* ApiKey.plist */,
			);
			path = ApiApp;
			sourceTree = "<group>";
		};
		7FE8DC1032F1D44BB424E582 /* Pods */ = {
			isa = PBXGroup;
			children = (
				3BCB9F3B613173798B25814C /* Pods-ApiApp.debug.xcconfig */,
				8D606892B82562A7438A7E55 /* Pods-ApiApp.release.xcconfig */,
			);
			path = Pods;
			sourceTree = "<group>";
		};
		E98CFA56DCB05425EEC5C279 /* Frameworks */ = {
			isa = PBXGroup;
			children = (
				DA32732583D1153F375E1BC2 /* Pods_ApiApp.framework */,
			);
			name = Frameworks;
			sourceTree = "<group>";
		};
/* End PBXGroup section */

/* Begin PBXNativeTarget section */
		7DEFBEDE2CFD5F9700B669FD /* ApiApp */ = {
			isa = PBXNativeTarget;
			buildConfigurationList = 7DEFBEF32CFD5F9800B669FD /* Build configuration list for PBXNativeTarget "ApiApp" */;
			buildPhases = (
				F83278A44386771FE90F9DD8 /* [CP] Check Pods Manifest.lock */,
				7DEFBEDB2CFD5F9700B669FD /* Sources */,
				7DEFBEDC2CFD5F9700B669FD /* Frameworks */,
				7DEFBEDD2CFD5F9700B669FD /* Resources */,
				0C8004425A89C01A5D142303 /* [CP] Embed Pods Frameworks */,
			);
			buildRules = (
			);
			dependencies = (
			);
			name = ApiApp;
			productName = ApiApp;
			productReference = 7DEFBEDF2CFD5F9700B669FD /* ApiApp.app */;
			productType = "com.apple.product-type.application";
		};
/* End PBXNativeTarget section */

/* Begin PBXProject section */
		7DEFBED72CFD5F9700B669FD /* Project object */ = {
			isa = PBXProject;
			attributes = {
				BuildIndependentTargetsInParallel = 1;
				LastSwiftUpdateCheck = 1510;
				LastUpgradeCheck = 1510;
				TargetAttributes = {
					7DEFBEDE2CFD5F9700B669FD = {
						CreatedOnToolsVersion = 15.1;
					};
				};
			};
			buildConfigurationList = 7DEFBEDA2CFD5F9700B669FD /* Build configuration list for PBXProject "ApiApp" */;
			compatibilityVersion = "Xcode 14.0";
			developmentRegion = en;
			hasScannedForEncodings = 0;
			knownRegions = (
				en,
				Base,
			);
			mainGroup = 7DEFBED62CFD5F9700B669FD;
			productRefGroup = 7DEFBEE02CFD5F9700B669FD /* Products */;
			projectDirPath = "";
			projectRoot = "";
			targets = (
				7DEFBEDE2CFD5F9700B669FD /* ApiApp */,
			);
		};
/* End PBXProject section */

/* Begin PBXResourcesBuildPhase section */
		7DEFBEDD2CFD5F9700B669FD /* Resources */ = {
			isa = PBXResourcesBuildPhase;
			buildActionMask = 2147483647;
			files = (
				7DEFBEEF2CFD5F9800B669FD /* LaunchScreen.storyboard in Resources */,
				7DB113402CFEDD4A0057A9A7 /* ApiKey.plist in Resources */,
				7DEFBEEC2CFD5F9800B669FD /* Assets.xcassets in Resources */,
				7DEFBEEA2CFD5F9700B669FD /* Main.storyboard in Resources */,
			);
			runOnlyForDeploymentPostprocessing = 0;
		};
/* End PBXResourcesBuildPhase section */

/* Begin PBXShellScriptBuildPhase section */
		0C8004425A89C01A5D142303 /* [CP] Embed Pods Frameworks */ = {
			isa = PBXShellScriptBuildPhase;
			buildActionMask = 2147483647;
			files = (
			);
			inputFileListPaths = (
				"${PODS_ROOT}/Target Support Files/Pods-ApiApp/Pods-ApiApp-frameworks-${CONFIGURATION}-input-files.xcfilelist",
			);
			name = "[CP] Embed Pods Frameworks";
			outputFileListPaths = (
				"${PODS_ROOT}/Target Support Files/Pods-ApiApp/Pods-ApiApp-frameworks-${CONFIGURATION}-output-files.xcfilelist",
			);
			runOnlyForDeploymentPostprocessing = 0;
			shellPath = /bin/sh;
			shellScript = "\"${PODS_ROOT}/Target Support Files/Pods-ApiApp/Pods-ApiApp-frameworks.sh\"\n";
			showEnvVarsInLog = 0;
		};
		F83278A44386771FE90F9DD8 /* [CP] Check Pods Manifest.lock */ = {
			isa = PBXShellScriptBuildPhase;
			buildActionMask = 2147483647;
			files = (
			);
			inputFileListPaths = (
			);
			inputPaths = (
				"${PODS_PODFILE_DIR_PATH}/Podfile.lock",
				"${PODS_ROOT}/Manifest.lock",
			);
			name = "[CP] Check Pods Manifest.lock";
			outputFileListPaths = (
			);
			outputPaths = (
				"$(DERIVED_FILE_DIR)/Pods-ApiApp-checkManifestLockResult.txt",
			);
			runOnlyForDeploymentPostprocessing = 0;
			shellPath = /bin/sh;
			shellScript = "diff \"${PODS_PODFILE_DIR_PATH}/Podfile.lock\" \"${PODS_ROOT}/Manifest.lock\" > /dev/null\nif [ $? != 0 ] ; then\n    # print error to STDERR\n    echo \"error: The sandbox is not in sync with the Podfile.lock. Run 'pod install' or update your CocoaPods installation.\" >&2\n    exit 1\nfi\n# This output is used by Xcode 'outputs' to avoid re-running this script phase.\necho \"SUCCESS\" > \"${SCRIPT_OUTPUT_FILE_0}\"\n";
			showEnvVarsInLog = 0;
		};
/* End PBXShellScriptBuildPhase section */

/* Begin PBXSourcesBuildPhase section */
		7DEFBEDB2CFD5F9700B669FD /* Sources */ = {
			isa = PBXSourcesBuildPhase;
			buildActionMask = 2147483647;
			files = (
				7DEFBEE72CFD5F9700B669FD /* ViewController.swift in Sources */,
				7DB113442CFEE6BB0057A9A7 /* ShopCell.swift in Sources */,
				7DEFBEE32CFD5F9700B669FD /* AppDelegate.swift in Sources */,
				7DB113462CFEE8C10057A9A7 /* ApiResponse.swift in Sources */,
				7DEFBEE52CFD5F9700B669FD /* SceneDelegate.swift in Sources */,
				7DB1133C2CFD628D0057A9A7 /* ApiViewController.swift in Sources */,
				7DB1133E2CFD63EF0057A9A7 /* FavoriteViewController.swift in Sources */,
				7DDBBE4D2D0039AF0003F59C /* FavoriteShop.swift in Sources */,
			);
			runOnlyForDeploymentPostprocessing = 0;
		};
/* End PBXSourcesBuildPhase section */

/* Begin PBXVariantGroup section */
		7DEFBEE82CFD5F9700B669FD /* Main.storyboard */ = {
			isa = PBXVariantGroup;
			children = (
				7DEFBEE92CFD5F9700B669FD /* Base */,
			);
			name = Main.storyboard;
			sourceTree = "<group>";
		};
		7DEFBEED2CFD5F9800B669FD /* LaunchScreen.storyboard */ = {
			isa = PBXVariantGroup;
			children = (
				7DEFBEEE2CFD5F9800B669FD /* Base */,
			);
			name = LaunchScreen.storyboard;
			sourceTree = "<group>";
		};
/* End PBXVariantGroup section */

/* Begin XCBuildConfiguration section */
		7DEFBEF12CFD5F9800B669FD /* Debug */ = {
			isa = XCBuildConfiguration;
			buildSettings = {
				ALWAYS_SEARCH_USER_PATHS = NO;
				ASSETCATALOG_COMPILER_GENERATE_SWIFT_ASSET_SYMBOL_EXTENSIONS = YES;
				CLANG_ANALYZER_NONNULL = YES;
				CLANG_ANALYZER_NUMBER_OBJECT_CONVERSION = YES_AGGRESSIVE;
				CLANG_CXX_LANGUAGE_STANDARD = "gnu++20";
				CLANG_ENABLE_MODULES = YES;
				CLANG_ENABLE_OBJC_ARC = YES;
				CLANG_ENABLE_OBJC_WEAK = YES;
				CLANG_WARN_BLOCK_CAPTURE_AUTORELEASING = YES;
				CLANG_WARN_BOOL_CONVERSION = YES;
				CLANG_WARN_COMMA = YES;
				CLANG_WARN_CONSTANT_CONVERSION = YES;
				CLANG_WARN_DEPRECATED_OBJC_IMPLEMENTATIONS = YES;
				CLANG_WARN_DIRECT_OBJC_ISA_USAGE = YES_ERROR;
				CLANG_WARN_DOCUMENTATION_COMMENTS = YES;
				CLANG_WARN_EMPTY_BODY = YES;
				CLANG_WARN_ENUM_CONVERSION = YES;
				CLANG_WARN_INFINITE_RECURSION = YES;
				CLANG_WARN_INT_CONVERSION = YES;
				CLANG_WARN_NON_LITERAL_NULL_CONVERSION = YES;
				CLANG_WARN_OBJC_IMPLICIT_RETAIN_SELF = YES;
				CLANG_WARN_OBJC_LITERAL_CONVERSION = YES;
				CLANG_WARN_OBJC_ROOT_CLASS = YES_ERROR;
				CLANG_WARN_QUOTED_INCLUDE_IN_FRAMEWORK_HEADER = YES;
				CLANG_WARN_RANGE_LOOP_ANALYSIS = YES;
				CLANG_WARN_STRICT_PROTOTYPES = YES;
				CLANG_WARN_SUSPICIOUS_MOVE = YES;
				CLANG_WARN_UNGUARDED_AVAILABILITY = YES_AGGRESSIVE;
				CLANG_WARN_UNREACHABLE_CODE = YES;
				CLANG_WARN__DUPLICATE_METHOD_MATCH = YES;
				COPY_PHASE_STRIP = NO;
				DEBUG_INFORMATION_FORMAT = dwarf;
				ENABLE_STRICT_OBJC_MSGSEND = YES;
				ENABLE_TESTABILITY = YES;
				ENABLE_USER_SCRIPT_SANDBOXING = NO;
				GCC_C_LANGUAGE_STANDARD = gnu17;
				GCC_DYNAMIC_NO_PIC = NO;
				GCC_NO_COMMON_BLOCKS = YES;
				GCC_OPTIMIZATION_LEVEL = 0;
				GCC_PREPROCESSOR_DEFINITIONS = (
					"DEBUG=1",
					"$(inherited)",
				);
				GCC_WARN_64_TO_32_BIT_CONVERSION = YES;
				GCC_WARN_ABOUT_RETURN_TYPE = YES_ERROR;
				GCC_WARN_UNDECLARED_SELECTOR = YES;
				GCC_WARN_UNINITIALIZED_AUTOS = YES_AGGRESSIVE;
				GCC_WARN_UNUSED_FUNCTION = YES;
				GCC_WARN_UNUSED_VARIABLE = YES;
				IPHONEOS_DEPLOYMENT_TARGET = 17.2;
				LOCALIZATION_PREFERS_STRING_CATALOGS = YES;
				MTL_ENABLE_DEBUG_INFO = INCLUDE_SOURCE;
				MTL_FAST_MATH = YES;
				ONLY_ACTIVE_ARCH = YES;
				SDKROOT = iphoneos;
				SWIFT_ACTIVE_COMPILATION_CONDITIONS = "DEBUG $(inherited)";
				SWIFT_OPTIMIZATION_LEVEL = "-Onone";
			};
			name = Debug;
		};
		7DEFBEF22CFD5F9800B669FD /* Release */ = {
			isa = XCBuildConfiguration;
			buildSettings = {
				ALWAYS_SEARCH_USER_PATHS = NO;
				ASSETCATALOG_COMPILER_GENERATE_SWIFT_ASSET_SYMBOL_EXTENSIONS = YES;
				CLANG_ANALYZER_NONNULL = YES;
				CLANG_ANALYZER_NUMBER_OBJECT_CONVERSION = YES_AGGRESSIVE;
				CLANG_CXX_LANGUAGE_STANDARD = "gnu++20";
				CLANG_ENABLE_MODULES = YES;
				CLANG_ENABLE_OBJC_ARC = YES;
				CLANG_ENABLE_OBJC_WEAK = YES;
				CLANG_WARN_BLOCK_CAPTURE_AUTORELEASING = YES;
				CLANG_WARN_BOOL_CONVERSION = YES;
				CLANG_WARN_COMMA = YES;
				CLANG_WARN_CONSTANT_CONVERSION = YES;
				CLANG_WARN_DEPRECATED_OBJC_IMPLEMENTATIONS = YES;
				CLANG_WARN_DIRECT_OBJC_ISA_USAGE = YES_ERROR;
				CLANG_WARN_DOCUMENTATION_COMMENTS = YES;
				CLANG_WARN_EMPTY_BODY = YES;
				CLANG_WARN_ENUM_CONVERSION = YES;
				CLANG_WARN_INFINITE_RECURSION = YES;
				CLANG_WARN_INT_CONVERSION = YES;
				CLANG_WARN_NON_LITERAL_NULL_CONVERSION = YES;
				CLANG_WARN_OBJC_IMPLICIT_RETAIN_SELF = YES;
				CLANG_WARN_OBJC_LITERAL_CONVERSION = YES;
				CLANG_WARN_OBJC_ROOT_CLASS = YES_ERROR;
				CLANG_WARN_QUOTED_INCLUDE_IN_FRAMEWORK_HEADER = YES;
				CLANG_WARN_RANGE_LOOP_ANALYSIS = YES;
				CLANG_WARN_STRICT_PROTOTYPES = YES;
				CLANG_WARN_SUSPICIOUS_MOVE = YES;
				CLANG_WARN_UNGUARDED_AVAILABILITY = YES_AGGRESSIVE;
				CLANG_WARN_UNREACHABLE_CODE = YES;
				CLANG_WARN__DUPLICATE_METHOD_MATCH = YES;
				COPY_PHASE_STRIP = NO;
				DEBUG_INFORMATION_FORMAT = "dwarf-with-dsym";
				ENABLE_NS_ASSERTIONS = NO;
				ENABLE_STRICT_OBJC_MSGSEND = YES;
				ENABLE_USER_SCRIPT_SANDBOXING = NO;
				GCC_C_LANGUAGE_STANDARD = gnu17;
				GCC_NO_COMMON_BLOCKS = YES;
				GCC_WARN_64_TO_32_BIT_CONVERSION = YES;
				GCC_WARN_ABOUT_RETURN_TYPE = YES_ERROR;
				GCC_WARN_UNDECLARED_SELECTOR = YES;
				GCC_WARN_UNINITIALIZED_AUTOS = YES_AGGRESSIVE;
				GCC_WARN_UNUSED_FUNCTION = YES;
				GCC_WARN_UNUSED_VARIABLE = YES;
				IPHONEOS_DEPLOYMENT_TARGET = 17.2;
				LOCALIZATION_PREFERS_STRING_CATALOGS = YES;
				MTL_ENABLE_DEBUG_INFO = NO;
				MTL_FAST_MATH = YES;
				SDKROOT = iphoneos;
				SWIFT_COMPILATION_MODE = wholemodule;
				VALIDATE_PRODUCT = YES;
			};
			name = Release;
		};
		7DEFBEF42CFD5F9800B669FD /* Debug */ = {
			isa = XCBuildConfiguration;
			baseConfigurationReference = 3BCB9F3B613173798B25814C /* Pods-ApiApp.debug.xcconfig */;
			buildSettings = {
				ASSETCATALOG_COMPILER_APPICON_NAME = AppIcon;
				ASSETCATALOG_COMPILER_GLOBAL_ACCENT_COLOR_NAME = AccentColor;
				CODE_SIGN_STYLE = Automatic;
				CURRENT_PROJECT_VERSION = 1;
				GENERATE_INFOPLIST_FILE = YES;
				INFOPLIST_FILE = ApiApp/Info.plist;
				INFOPLIST_KEY_UIApplicationSupportsIndirectInputEvents = YES;
				INFOPLIST_KEY_UILaunchStoryboardName = LaunchScreen;
				INFOPLIST_KEY_UIMainStoryboardFile = Main;
				INFOPLIST_KEY_UISupportedInterfaceOrientations = UIInterfaceOrientationPortrait;
				INFOPLIST_KEY_UISupportedInterfaceOrientations_iPad = "UIInterfaceOrientationLandscapeLeft UIInterfaceOrientationLandscapeRight UIInterfaceOrientationPortrait UIInterfaceOrientationPortraitUpsideDown";
				LD_RUNPATH_SEARCH_PATHS = (
					"$(inherited)",
					"@executable_path/Frameworks",
				);
				MARKETING_VERSION = 1.0;
				PRODUCT_BUNDLE_IDENTIFIER = jp.techacademy.sumire.kuroda.ApiApp;
				PRODUCT_NAME = "$(TARGET_NAME)";
				SUPPORTED_PLATFORMS = "iphoneos iphonesimulator";
				SUPPORTS_MACCATALYST = NO;
				SUPPORTS_MAC_DESIGNED_FOR_IPHONE_IPAD = NO;
				SWIFT_EMIT_LOC_STRINGS = YES;
				SWIFT_VERSION = 5.0;
				TARGETED_DEVICE_FAMILY = 1;
			};
			name = Debug;
		};
		7DEFBEF52CFD5F9800B669FD /* Release */ = {
			isa = XCBuildConfiguration;
			baseConfigurationReference = 8D606892B82562A7438A7E55 /* Pods-ApiApp.release.xcconfig */;
			buildSettings = {
				ASSETCATALOG_COMPILER_APPICON_NAME = AppIcon;
				ASSETCATALOG_COMPILER_GLOBAL_ACCENT_COLOR_NAME = AccentColor;
				CODE_SIGN_STYLE = Automatic;
				CURRENT_PROJECT_VERSION = 1;
				GENERATE_INFOPLIST_FILE = YES;
				INFOPLIST_FILE = ApiApp/Info.plist;
				INFOPLIST_KEY_UIApplicationSupportsIndirectInputEvents = YES;
				INFOPLIST_KEY_UILaunchStoryboardName = LaunchScreen;
				INFOPLIST_KEY_UIMainStoryboardFile = Main;
				INFOPLIST_KEY_UISupportedInterfaceOrientations = UIInterfaceOrientationPortrait;
				INFOPLIST_KEY_UISupportedInterfaceOrientations_iPad = "UIInterfaceOrientationLandscapeLeft UIInterfaceOrientationLandscapeRight UIInterfaceOrientationPortrait UIInterfaceOrientationPortraitUpsideDown";
				LD_RUNPATH_SEARCH_PATHS = (
					"$(inherited)",
					"@executable_path/Frameworks",
				);
				MARKETING_VERSION = 1.0;
				PRODUCT_BUNDLE_IDENTIFIER = jp.techacademy.sumire.kuroda.ApiApp;
				PRODUCT_NAME = "$(TARGET_NAME)";
				SUPPORTED_PLATFORMS = "iphoneos iphonesimulator";
				SUPPORTS_MACCATALYST = NO;
				SUPPORTS_MAC_DESIGNED_FOR_IPHONE_IPAD = NO;
				SWIFT_EMIT_LOC_STRINGS = YES;
				SWIFT_VERSION = 5.0;
				TARGETED_DEVICE_FAMILY = 1;
			};
			name = Release;
		};
/* End XCBuildConfiguration section */

/* Begin XCConfigurationList section */
		7DEFBEDA2CFD5F9700B669FD /* Build configuration list for PBXProject "ApiApp" */ = {
			isa = XCConfigurationList;
			buildConfigurations = (
				7DEFBEF12CFD5F9800B669FD /* Debug */,
				7DEFBEF22CFD5F9800B669FD /* Release */,
			);
			defaultConfigurationIsVisible = 0;
			defaultConfigurationName = Release;
		};
		7DEFBEF32CFD5F9800B669FD /* Build configuration list for PBXNativeTarget "ApiApp" */ = {
			isa = XCConfigurationList;
			buildConfigurations = (
				7DEFBEF42CFD5F9800B669FD /* Debug */,
				7DEFBEF52CFD5F9800B669FD /* Release */,
			);
			defaultConfigurationIsVisible = 0;
			defaultConfigurationName = Release;
		};
/* End XCConfigurationList section */
	};
	rootObject = 7DEFBED72CFD5F9700B669FD /* Project object */;
}
